// !$*UTF8*$!
{
	archiveVersion = 1;
	classes = {
	};
	objectVersion = 56;
	objects = {

/* Begin PBXBuildFile section */
		540194752C1E75C5000D1DDE /* CameraViewPresenter.swift in Sources */ = {isa = PBXBuildFile; fileRef = 540194742C1E75C5000D1DDE /* CameraViewPresenter.swift */; };
		540194782C1E7964000D1DDE /* KeychainAccess in Frameworks */ = {isa = PBXBuildFile; productRef = 540194772C1E7964000D1DDE /* KeychainAccess */; };
		5401947B2C1ED88B000D1DDE /* CameraService.swift in Sources */ = {isa = PBXBuildFile; fileRef = 5401947A2C1ED88B000D1DDE /* CameraService.swift */; };
		541186432C1E714400E37FD5 /* NSNotificationExt.swift in Sources */ = {isa = PBXBuildFile; fileRef = 541186422C1E714400E37FD5 /* NSNotificationExt.swift */; };
		541E25722C131BFC00515CFA /* PasscodeView.swift in Sources */ = {isa = PBXBuildFile; fileRef = 541E25712C131BFC00515CFA /* PasscodeView.swift */; };
		541E25762C131C1C00515CFA /* Builder.swift in Sources */ = {isa = PBXBuildFile; fileRef = 541E25752C131C1C00515CFA /* Builder.swift */; };
		541E25792C131DA200515CFA /* PasscodePresenter.swift in Sources */ = {isa = PBXBuildFile; fileRef = 541E25782C131DA200515CFA /* PasscodePresenter.swift */; };
		541E257C2C1324D500515CFA /* UIViewExt.swift in Sources */ = {isa = PBXBuildFile; fileRef = 541E257B2C1324D500515CFA /* UIViewExt.swift */; };
		541E257F2C14765B00515CFA /* KeychainManager.swift in Sources */ = {isa = PBXBuildFile; fileRef = 541E257E2C14765B00515CFA /* KeychainManager.swift */; };
		541E25842C147B6300515CFA /* StringProtocolExt.swift in Sources */ = {isa = PBXBuildFile; fileRef = 541E25832C147B6300515CFA /* StringProtocolExt.swift */; };
		5450E2B42C1DAD3100C30DD6 /* PhotoView.swift in Sources */ = {isa = PBXBuildFile; fileRef = 5450E2B32C1DAD3100C30DD6 /* PhotoView.swift */; };
		5450E2B62C1E689400C30DD6 /* PhotoViewPresenter.swift in Sources */ = {isa = PBXBuildFile; fileRef = 5450E2B52C1E689400C30DD6 /* PhotoViewPresenter.swift */; };
		545302462C16FF86003B3482 /* UIApplicationExt.swift in Sources */ = {isa = PBXBuildFile; fileRef = 545302452C16FF86003B3482 /* UIApplicationExt.swift */; };
		5453024A2C1709F8003B3482 /* TagCollectionView.swift in Sources */ = {isa = PBXBuildFile; fileRef = 545302492C1709F8003B3482 /* TagCollectionView.swift */; };
		5453024C2C170B17003B3482 /* TagCollectionCell.swift in Sources */ = {isa = PBXBuildFile; fileRef = 5453024B2C170B17003B3482 /* TagCollectionCell.swift */; };
		546568122C1886AC0063E890 /* FavouriteViewPresenter.swift in Sources */ = {isa = PBXBuildFile; fileRef = 546568112C1886AC0063E890 /* FavouriteViewPresenter.swift */; };
		546568142C188DBD0063E890 /* FavouriteCell.swift in Sources */ = {isa = PBXBuildFile; fileRef = 546568132C188DBD0063E890 /* FavouriteCell.swift */; };
		546568192C19A5FB0063E890 /* DetailsView.swift in Sources */ = {isa = PBXBuildFile; fileRef = 546568182C19A5FB0063E890 /* DetailsView.swift */; };
		5465681B2C19A6060063E890 /* DetailsViewPresenter.swift in Sources */ = {isa = PBXBuildFile; fileRef = 5465681A2C19A6060063E890 /* DetailsViewPresenter.swift */; };
		5465681E2C19AA150063E890 /* NavigationHeader.swift in Sources */ = {isa = PBXBuildFile; fileRef = 5465681D2C19AA150063E890 /* NavigationHeader.swift */; };
		546C02912C15A0BD00C18C6F /* MainScreenView.swift in Sources */ = {isa = PBXBuildFile; fileRef = 546C02902C15A0BD00C18C6F /* MainScreenView.swift */; };
		546C02952C15A0D600C18C6F /* FavouriteView.swift in Sources */ = {isa = PBXBuildFile; fileRef = 546C02942C15A0D600C18C6F /* FavouriteView.swift */; };
		546C02972C15A0DF00C18C6F /* CameraView.swift in Sources */ = {isa = PBXBuildFile; fileRef = 546C02962C15A0DF00C18C6F /* CameraView.swift */; };
		546C02992C15A10A00C18C6F /* TabBarView.swift in Sources */ = {isa = PBXBuildFile; fileRef = 546C02982C15A10A00C18C6F /* TabBarView.swift */; };
		546C029B2C15A11700C18C6F /* TabBarViewPresenter.swift in Sources */ = {isa = PBXBuildFile; fileRef = 546C029A2C15A11700C18C6F /* TabBarViewPresenter.swift */; };
		546C029E2C15A3B300C18C6F /* MainScreenPresenter.swift in Sources */ = {isa = PBXBuildFile; fileRef = 546C029D2C15A3B300C18C6F /* MainScreenPresenter.swift */; };
		546C02A02C15AF3000C18C6F /* MainPostCell.swift in Sources */ = {isa = PBXBuildFile; fileRef = 546C029F2C15AF2F00C18C6F /* MainPostCell.swift */; };
		546C02A22C15AF5200C18C6F /* MainPostHeader.swift in Sources */ = {isa = PBXBuildFile; fileRef = 546C02A12C15AF5200C18C6F /* MainPostHeader.swift */; };
		546C02A42C15B05500C18C6F /* PostItem.swift in Sources */ = {isa = PBXBuildFile; fileRef = 546C02A32C15B05500C18C6F /* PostItem.swift */; };
		546C02A62C15B60A00C18C6F /* DateExt.swift in Sources */ = {isa = PBXBuildFile; fileRef = 546C02A52C15B60A00C18C6F /* DateExt.swift */; };
		54974AB42C1D900F00337CAF /* DetailsPhotoCell.swift in Sources */ = {isa = PBXBuildFile; fileRef = 54974AB32C1D900F00337CAF /* DetailsPhotoCell.swift */; };
		54974AB62C1D92A600337CAF /* DetailsDecriptionCell.swift in Sources */ = {isa = PBXBuildFile; fileRef = 54974AB52C1D92A600337CAF /* DetailsDecriptionCell.swift */; };
		54974AB82C1D963500337CAF /* DetailsAddCommentCell.swift in Sources */ = {isa = PBXBuildFile; fileRef = 54974AB72C1D963500337CAF /* DetailsAddCommentCell.swift */; };
		54974ABA2C1D96BE00337CAF /* UITextFieldExt.swift in Sources */ = {isa = PBXBuildFile; fileRef = 54974AB92C1D96BE00337CAF /* UITextFieldExt.swift */; };
		54974ABC2C1D985300337CAF /* DetailsMapCell.swift in Sources */ = {isa = PBXBuildFile; fileRef = 54974ABB2C1D985300337CAF /* DetailsMapCell.swift */; };
		54C2831A2C11DDFB00628997 /* AppDelegate.swift in Sources */ = {isa = PBXBuildFile; fileRef = 54C283192C11DDFB00628997 /* AppDelegate.swift */; };
		54C2831C2C11DDFB00628997 /* SceneDelegate.swift in Sources */ = {isa = PBXBuildFile; fileRef = 54C2831B2C11DDFB00628997 /* SceneDelegate.swift */; };
		54C283232C11DDFD00628997 /* Assets.xcassets in Resources */ = {isa = PBXBuildFile; fileRef = 54C283222C11DDFD00628997 /* Assets.xcassets */; };
		54C283262C11DDFD00628997 /* Base in Resources */ = {isa = PBXBuildFile; fileRef = 54C283252C11DDFD00628997 /* Base */; };
/* End PBXBuildFile section */

/* Begin PBXFileReference section */
		540194742C1E75C5000D1DDE /* CameraViewPresenter.swift */ = {isa = PBXFileReference; lastKnownFileType = sourcecode.swift; path = CameraViewPresenter.swift; sourceTree = "<group>"; };
		5401947A2C1ED88B000D1DDE /* CameraService.swift */ = {isa = PBXFileReference; lastKnownFileType = sourcecode.swift; path = CameraService.swift; sourceTree = "<group>"; };
		541186422C1E714400E37FD5 /* NSNotificationExt.swift */ = {isa = PBXFileReference; lastKnownFileType = sourcecode.swift; path = NSNotificationExt.swift; sourceTree = "<group>"; };
		541E25712C131BFC00515CFA /* PasscodeView.swift */ = {isa = PBXFileReference; lastKnownFileType = sourcecode.swift; path = PasscodeView.swift; sourceTree = "<group>"; };
		541E25752C131C1C00515CFA /* Builder.swift */ = {isa = PBXFileReference; lastKnownFileType = sourcecode.swift; path = Builder.swift; sourceTree = "<group>"; };
		541E25782C131DA200515CFA /* PasscodePresenter.swift */ = {isa = PBXFileReference; lastKnownFileType = sourcecode.swift; path = PasscodePresenter.swift; sourceTree = "<group>"; };
		541E257B2C1324D500515CFA /* UIViewExt.swift */ = {isa = PBXFileReference; lastKnownFileType = sourcecode.swift; path = UIViewExt.swift; sourceTree = "<group>"; };
		541E257E2C14765B00515CFA /* KeychainManager.swift */ = {isa = PBXFileReference; lastKnownFileType = sourcecode.swift; path = KeychainManager.swift; sourceTree = "<group>"; };
		541E25832C147B6300515CFA /* StringProtocolExt.swift */ = {isa = PBXFileReference; lastKnownFileType = sourcecode.swift; path = StringProtocolExt.swift; sourceTree = "<group>"; };
		5450E2B32C1DAD3100C30DD6 /* PhotoView.swift */ = {isa = PBXFileReference; lastKnownFileType = sourcecode.swift; path = PhotoView.swift; sourceTree = "<group>"; };
		5450E2B52C1E689400C30DD6 /* PhotoViewPresenter.swift */ = {isa = PBXFileReference; lastKnownFileType = sourcecode.swift; path = PhotoViewPresenter.swift; sourceTree = "<group>"; };
		545302452C16FF86003B3482 /* UIApplicationExt.swift */ = {isa = PBXFileReference; lastKnownFileType = sourcecode.swift; path = UIApplicationExt.swift; sourceTree = "<group>"; };
		545302492C1709F8003B3482 /* TagCollectionView.swift */ = {isa = PBXFileReference; lastKnownFileType = sourcecode.swift; path = TagCollectionView.swift; sourceTree = "<group>"; };
		5453024B2C170B17003B3482 /* TagCollectionCell.swift */ = {isa = PBXFileReference; lastKnownFileType = sourcecode.swift; path = TagCollectionCell.swift; sourceTree = "<group>"; };
		546568112C1886AC0063E890 /* FavouriteViewPresenter.swift */ = {isa = PBXFileReference; lastKnownFileType = sourcecode.swift; path = FavouriteViewPresenter.swift; sourceTree = "<group>"; };
		546568132C188DBD0063E890 /* FavouriteCell.swift */ = {isa = PBXFileReference; lastKnownFileType = sourcecode.swift; path = FavouriteCell.swift; sourceTree = "<group>"; };
		546568182C19A5FB0063E890 /* DetailsView.swift */ = {isa = PBXFileReference; lastKnownFileType = sourcecode.swift; path = DetailsView.swift; sourceTree = "<group>"; };
		5465681A2C19A6060063E890 /* DetailsViewPresenter.swift */ = {isa = PBXFileReference; lastKnownFileType = sourcecode.swift; path = DetailsViewPresenter.swift; sourceTree = "<group>"; };
		5465681D2C19AA150063E890 /* NavigationHeader.swift */ = {isa = PBXFileReference; lastKnownFileType = sourcecode.swift; path = NavigationHeader.swift; sourceTree = "<group>"; };
		546C02902C15A0BD00C18C6F /* MainScreenView.swift */ = {isa = PBXFileReference; lastKnownFileType = sourcecode.swift; path = MainScreenView.swift; sourceTree = "<group>"; };
		546C02942C15A0D600C18C6F /* FavouriteView.swift */ = {isa = PBXFileReference; lastKnownFileType = sourcecode.swift; path = FavouriteView.swift; sourceTree = "<group>"; };
		546C02962C15A0DF00C18C6F /* CameraView.swift */ = {isa = PBXFileReference; lastKnownFileType = sourcecode.swift; path = CameraView.swift; sourceTree = "<group>"; };
		546C02982C15A10A00C18C6F /* TabBarView.swift */ = {isa = PBXFileReference; lastKnownFileType = sourcecode.swift; path = TabBarView.swift; sourceTree = "<group>"; };
		546C029A2C15A11700C18C6F /* TabBarViewPresenter.swift */ = {isa = PBXFileReference; lastKnownFileType = sourcecode.swift; path = TabBarViewPresenter.swift; sourceTree = "<group>"; };
		546C029D2C15A3B300C18C6F /* MainScreenPresenter.swift */ = {isa = PBXFileReference; lastKnownFileType = sourcecode.swift; path = MainScreenPresenter.swift; sourceTree = "<group>"; };
		546C029F2C15AF2F00C18C6F /* MainPostCell.swift */ = {isa = PBXFileReference; lastKnownFileType = sourcecode.swift; path = MainPostCell.swift; sourceTree = "<group>"; };
		546C02A12C15AF5200C18C6F /* MainPostHeader.swift */ = {isa = PBXFileReference; lastKnownFileType = sourcecode.swift; path = MainPostHeader.swift; sourceTree = "<group>"; };
		546C02A32C15B05500C18C6F /* PostItem.swift */ = {isa = PBXFileReference; lastKnownFileType = sourcecode.swift; path = PostItem.swift; sourceTree = "<group>"; };
		546C02A52C15B60A00C18C6F /* DateExt.swift */ = {isa = PBXFileReference; lastKnownFileType = sourcecode.swift; path = DateExt.swift; sourceTree = "<group>"; };
		54974AB32C1D900F00337CAF /* DetailsPhotoCell.swift */ = {isa = PBXFileReference; lastKnownFileType = sourcecode.swift; path = DetailsPhotoCell.swift; sourceTree = "<group>"; };
		54974AB52C1D92A600337CAF /* DetailsDecriptionCell.swift */ = {isa = PBXFileReference; lastKnownFileType = sourcecode.swift; path = DetailsDecriptionCell.swift; sourceTree = "<group>"; };
		54974AB72C1D963500337CAF /* DetailsAddCommentCell.swift */ = {isa = PBXFileReference; lastKnownFileType = sourcecode.swift; path = DetailsAddCommentCell.swift; sourceTree = "<group>"; };
		54974AB92C1D96BE00337CAF /* UITextFieldExt.swift */ = {isa = PBXFileReference; lastKnownFileType = sourcecode.swift; path = UITextFieldExt.swift; sourceTree = "<group>"; };
		54974ABB2C1D985300337CAF /* DetailsMapCell.swift */ = {isa = PBXFileReference; lastKnownFileType = sourcecode.swift; path = DetailsMapCell.swift; sourceTree = "<group>"; };
		54C283162C11DDFB00628997 /* Pixelgram.app */ = {isa = PBXFileReference; explicitFileType = wrapper.application; includeInIndex = 0; path = Pixelgram.app; sourceTree = BUILT_PRODUCTS_DIR; };
		54C283192C11DDFB00628997 /* AppDelegate.swift */ = {isa = PBXFileReference; lastKnownFileType = sourcecode.swift; path = AppDelegate.swift; sourceTree = "<group>"; };
		54C2831B2C11DDFB00628997 /* SceneDelegate.swift */ = {isa = PBXFileReference; lastKnownFileType = sourcecode.swift; path = SceneDelegate.swift; sourceTree = "<group>"; };
		54C283222C11DDFD00628997 /* Assets.xcassets */ = {isa = PBXFileReference; lastKnownFileType = folder.assetcatalog; path = Assets.xcassets; sourceTree = "<group>"; };
		54C283252C11DDFD00628997 /* Base */ = {isa = PBXFileReference; lastKnownFileType = file.storyboard; name = Base; path = Base.lproj/LaunchScreen.storyboard; sourceTree = "<group>"; };
		54C283272C11DDFD00628997 /* Info.plist */ = {isa = PBXFileReference; lastKnownFileType = text.plist.xml; path = Info.plist; sourceTree = "<group>"; };
/* End PBXFileReference section */

/* Begin PBXFrameworksBuildPhase section */
		54C283132C11DDFB00628997 /* Frameworks */ = {
			isa = PBXFrameworksBuildPhase;
			buildActionMask = 2147483647;
			files = (
				540194782C1E7964000D1DDE /* KeychainAccess in Frameworks */,
			);
			runOnlyForDeploymentPostprocessing = 0;
		};
/* End PBXFrameworksBuildPhase section */

/* Begin PBXGroup section */
		540194732C1E75BA000D1DDE /* Presenter */ = {
			isa = PBXGroup;
			children = (
				540194742C1E75C5000D1DDE /* CameraViewPresenter.swift */,
			);
			path = Presenter;
			sourceTree = "<group>";
		};
		540194792C1ED87B000D1DDE /* CameraService */ = {
			isa = PBXGroup;
			children = (
				5401947A2C1ED88B000D1DDE /* CameraService.swift */,
			);
			path = CameraService;
			sourceTree = "<group>";
		};
		541E256D2C131B5000515CFA /* Module */ = {
			isa = PBXGroup;
			children = (
				54974ABD2C1DA40700337CAF /* PhotoViewModule */,
				546568152C19A5980063E890 /* DetailsModule */,
				546C028F2C15A0A100C18C6F /* CameraModule */,
				546C028E2C15A09000C18C6F /* FavouriteModule */,
				546C028A2C15A04D00C18C6F /* MainScreenModule */,
				546C02872C15A02500C18C6F /* TabBarModule */,
				541E256E2C131B9900515CFA /* PasscodeModule */,
			);
			path = Module;
			sourceTree = "<group>";
		};
		541E256E2C131B9900515CFA /* PasscodeModule */ = {
			isa = PBXGroup;
			children = (
				541E25732C131C0000515CFA /* Presenter */,
				541E25702C131BCA00515CFA /* View */,
				541E256F2C131BB600515CFA /* Model */,
			);
			path = PasscodeModule;
			sourceTree = "<group>";
		};
		541E256F2C131BB600515CFA /* Model */ = {
			isa = PBXGroup;
			children = (
			);
			path = Model;
			sourceTree = "<group>";
		};
		541E25702C131BCA00515CFA /* View */ = {
			isa = PBXGroup;
			children = (
				541E25712C131BFC00515CFA /* PasscodeView.swift */,
			);
			path = View;
			sourceTree = "<group>";
		};
		541E25732C131C0000515CFA /* Presenter */ = {
			isa = PBXGroup;
			children = (
				541E25782C131DA200515CFA /* PasscodePresenter.swift */,
			);
			path = Presenter;
			sourceTree = "<group>";
		};
		541E25742C131C1100515CFA /* Builder */ = {
			isa = PBXGroup;
			children = (
				541E25752C131C1C00515CFA /* Builder.swift */,
			);
			path = Builder;
			sourceTree = "<group>";
		};
		541E25772C131CC300515CFA /* Common */ = {
			isa = PBXGroup;
			children = (
				54C283192C11DDFB00628997 /* AppDelegate.swift */,
				54C2831B2C11DDFB00628997 /* SceneDelegate.swift */,
			);
			path = Common;
			sourceTree = "<group>";
		};
		541E257A2C1324BF00515CFA /* Extension */ = {
			isa = PBXGroup;
			children = (
				541E257B2C1324D500515CFA /* UIViewExt.swift */,
				541E25832C147B6300515CFA /* StringProtocolExt.swift */,
				546C02A52C15B60A00C18C6F /* DateExt.swift */,
				545302452C16FF86003B3482 /* UIApplicationExt.swift */,
				54974AB92C1D96BE00337CAF /* UITextFieldExt.swift */,
				541186422C1E714400E37FD5 /* NSNotificationExt.swift */,
			);
			path = Extension;
			sourceTree = "<group>";
		};
		541E257D2C14764A00515CFA /* KeychainManager */ = {
			isa = PBXGroup;
			children = (
				541E257E2C14765B00515CFA /* KeychainManager.swift */,
			);
			path = KeychainManager;
			sourceTree = "<group>";
		};
		545302472C1709E2003B3482 /* Helpers */ = {
			isa = PBXGroup;
			children = (
				5465681C2C19A9FD0063E890 /* NavigationHeader */,
				545302482C1709E9003B3482 /* TagCollection */,
			);
			path = Helpers;
			sourceTree = "<group>";
		};
		545302482C1709E9003B3482 /* TagCollection */ = {
			isa = PBXGroup;
			children = (
				545302492C1709F8003B3482 /* TagCollectionView.swift */,
				5453024B2C170B17003B3482 /* TagCollectionCell.swift */,
			);
			path = TagCollection;
			sourceTree = "<group>";
		};
		546568102C18869E0063E890 /* Presenter */ = {
			isa = PBXGroup;
			children = (
				546568112C1886AC0063E890 /* FavouriteViewPresenter.swift */,
			);
			path = Presenter;
			sourceTree = "<group>";
		};
		546568152C19A5980063E890 /* DetailsModule */ = {
			isa = PBXGroup;
			children = (
				546568172C19A5A30063E890 /* Presenter */,
				546568162C19A5A00063E890 /* View */,
			);
			path = DetailsModule;
			sourceTree = "<group>";
		};
		546568162C19A5A00063E890 /* View */ = {
			isa = PBXGroup;
			children = (
				54974AB22C1D8FFC00337CAF /* Cell */,
				546568182C19A5FB0063E890 /* DetailsView.swift */,
			);
			path = View;
			sourceTree = "<group>";
		};
		546568172C19A5A30063E890 /* Presenter */ = {
			isa = PBXGroup;
			children = (
				5465681A2C19A6060063E890 /* DetailsViewPresenter.swift */,
			);
			path = Presenter;
			sourceTree = "<group>";
		};
		5465681C2C19A9FD0063E890 /* NavigationHeader */ = {
			isa = PBXGroup;
			children = (
				5465681D2C19AA150063E890 /* NavigationHeader.swift */,
			);
			path = NavigationHeader;
			sourceTree = "<group>";
		};
		546C02872C15A02500C18C6F /* TabBarModule */ = {
			isa = PBXGroup;
			children = (
				546C02892C15A04400C18C6F /* Presenter */,
				546C02882C15A04000C18C6F /* View */,
			);
			path = TabBarModule;
			sourceTree = "<group>";
		};
		546C02882C15A04000C18C6F /* View */ = {
			isa = PBXGroup;
			children = (
				546C02982C15A10A00C18C6F /* TabBarView.swift */,
			);
			path = View;
			sourceTree = "<group>";
		};
		546C02892C15A04400C18C6F /* Presenter */ = {
			isa = PBXGroup;
			children = (
				546C029A2C15A11700C18C6F /* TabBarViewPresenter.swift */,
			);
			path = Presenter;
			sourceTree = "<group>";
		};
		546C028A2C15A04D00C18C6F /* MainScreenModule */ = {
			isa = PBXGroup;
			children = (
				546C028D2C15A06000C18C6F /* Model */,
				546C028C2C15A05B00C18C6F /* Presenter */,
				546C028B2C15A05800C18C6F /* View */,
			);
			path = MainScreenModule;
			sourceTree = "<group>";
		};
		546C028B2C15A05800C18C6F /* View */ = {
			isa = PBXGroup;
			children = (
				546C02902C15A0BD00C18C6F /* MainScreenView.swift */,
				546C029F2C15AF2F00C18C6F /* MainPostCell.swift */,
				546C02A12C15AF5200C18C6F /* MainPostHeader.swift */,
			);
			path = View;
			sourceTree = "<group>";
		};
		546C028C2C15A05B00C18C6F /* Presenter */ = {
			isa = PBXGroup;
			children = (
				546C029D2C15A3B300C18C6F /* MainScreenPresenter.swift */,
			);
			path = Presenter;
			sourceTree = "<group>";
		};
		546C028D2C15A06000C18C6F /* Model */ = {
			isa = PBXGroup;
			children = (
				546C02A32C15B05500C18C6F /* PostItem.swift */,
			);
			path = Model;
			sourceTree = "<group>";
		};
		546C028E2C15A09000C18C6F /* FavouriteModule */ = {
			isa = PBXGroup;
			children = (
				546568102C18869E0063E890 /* Presenter */,
				546C02922C15A0C700C18C6F /* View */,
			);
			path = FavouriteModule;
			sourceTree = "<group>";
		};
		546C028F2C15A0A100C18C6F /* CameraModule */ = {
			isa = PBXGroup;
			children = (
				540194792C1ED87B000D1DDE /* CameraService */,
				540194732C1E75BA000D1DDE /* Presenter */,
				546C02932C15A0CA00C18C6F /* View */,
			);
			path = CameraModule;
			sourceTree = "<group>";
		};
		546C02922C15A0C700C18C6F /* View */ = {
			isa = PBXGroup;
			children = (
				546568132C188DBD0063E890 /* FavouriteCell.swift */,
				546C02942C15A0D600C18C6F /* FavouriteView.swift */,
			);
			path = View;
			sourceTree = "<group>";
		};
		546C02932C15A0CA00C18C6F /* View */ = {
			isa = PBXGroup;
			children = (
				546C02962C15A0DF00C18C6F /* CameraView.swift */,
			);
			path = View;
			sourceTree = "<group>";
		};
		54974AB22C1D8FFC00337CAF /* Cell */ = {
			isa = PBXGroup;
			children = (
				54974AB32C1D900F00337CAF /* DetailsPhotoCell.swift */,
				54974AB52C1D92A600337CAF /* DetailsDecriptionCell.swift */,
				54974AB72C1D963500337CAF /* DetailsAddCommentCell.swift */,
				54974ABB2C1D985300337CAF /* DetailsMapCell.swift */,
			);
			path = Cell;
			sourceTree = "<group>";
		};
		54974ABD2C1DA40700337CAF /* PhotoViewModule */ = {
			isa = PBXGroup;
			children = (
				54974ABF2C1DA42F00337CAF /* Presenter */,
				54974ABE2C1DA42A00337CAF /* View */,
			);
			path = PhotoViewModule;
			sourceTree = "<group>";
		};
		54974ABE2C1DA42A00337CAF /* View */ = {
			isa = PBXGroup;
			children = (
				5450E2B32C1DAD3100C30DD6 /* PhotoView.swift */,
			);
			path = View;
			sourceTree = "<group>";
		};
		54974ABF2C1DA42F00337CAF /* Presenter */ = {
			isa = PBXGroup;
			children = (
				5450E2B52C1E689400C30DD6 /* PhotoViewPresenter.swift */,
			);
			path = Presenter;
			sourceTree = "<group>";
		};
		54C2830D2C11DDFB00628997 = {
			isa = PBXGroup;
			children = (
				54C283182C11DDFB00628997 /* Pixelgram */,
				54C283172C11DDFB00628997 /* Products */,
			);
			sourceTree = "<group>";
		};
		54C283172C11DDFB00628997 /* Products */ = {
			isa = PBXGroup;
			children = (
				54C283162C11DDFB00628997 /* Pixelgram.app */,
			);
			name = Products;
			sourceTree = "<group>";
		};
		54C283182C11DDFB00628997 /* Pixelgram */ = {
			isa = PBXGroup;
			children = (
				545302472C1709E2003B3482 /* Helpers */,
				541E257D2C14764A00515CFA /* KeychainManager */,
				541E257A2C1324BF00515CFA /* Extension */,
				541E25742C131C1100515CFA /* Builder */,
				541E25772C131CC300515CFA /* Common */,
				541E256D2C131B5000515CFA /* Module */,
				54C283222C11DDFD00628997 /* Assets.xcassets */,
				54C283242C11DDFD00628997 /* LaunchScreen.storyboard */,
				54C283272C11DDFD00628997 /* Info.plist */,
			);
			path = Pixelgram;
			sourceTree = "<group>";
		};
/* End PBXGroup section */

/* Begin PBXNativeTarget section */
		54C283152C11DDFB00628997 /* Pixelgram */ = {
			isa = PBXNativeTarget;
			buildConfigurationList = 54C2832A2C11DDFD00628997 /* Build configuration list for PBXNativeTarget "Pixelgram" */;
			buildPhases = (
				54C283122C11DDFB00628997 /* Sources */,
				54C283132C11DDFB00628997 /* Frameworks */,
				54C283142C11DDFB00628997 /* Resources */,
			);
			buildRules = (
			);
			dependencies = (
			);
			name = Pixelgram;
			packageProductDependencies = (
				540194772C1E7964000D1DDE /* KeychainAccess */,
			);
			productName = Pixelgram;
			productReference = 54C283162C11DDFB00628997 /* Pixelgram.app */;
			productType = "com.apple.product-type.application";
		};
/* End PBXNativeTarget section */

/* Begin PBXProject section */
		54C2830E2C11DDFB00628997 /* Project object */ = {
			isa = PBXProject;
			attributes = {
				BuildIndependentTargetsInParallel = 1;
				LastSwiftUpdateCheck = 1540;
				LastUpgradeCheck = 1540;
				TargetAttributes = {
					54C283152C11DDFB00628997 = {
						CreatedOnToolsVersion = 15.4;
					};
				};
			};
			buildConfigurationList = 54C283112C11DDFB00628997 /* Build configuration list for PBXProject "Pixelgram" */;
			compatibilityVersion = "Xcode 14.0";
			developmentRegion = en;
			hasScannedForEncodings = 0;
			knownRegions = (
				en,
				Base,
			);
			mainGroup = 54C2830D2C11DDFB00628997;
			packageReferences = (
				540194762C1E7964000D1DDE /* XCRemoteSwiftPackageReference "KeychainAccess" */,
			);
			productRefGroup = 54C283172C11DDFB00628997 /* Products */;
			projectDirPath = "";
			projectRoot = "";
			targets = (
				54C283152C11DDFB00628997 /* Pixelgram */,
			);
		};
/* End PBXProject section */

/* Begin PBXResourcesBuildPhase section */
		54C283142C11DDFB00628997 /* Resources */ = {
			isa = PBXResourcesBuildPhase;
			buildActionMask = 2147483647;
			files = (
				54C283232C11DDFD00628997 /* Assets.xcassets in Resources */,
				54C283262C11DDFD00628997 /* Base in Resources */,
			);
			runOnlyForDeploymentPostprocessing = 0;
		};
/* End PBXResourcesBuildPhase section */

/* Begin PBXSourcesBuildPhase section */
		54C283122C11DDFB00628997 /* Sources */ = {
			isa = PBXSourcesBuildPhase;
			buildActionMask = 2147483647;
			files = (
				545302462C16FF86003B3482 /* UIApplicationExt.swift in Sources */,
				54974ABC2C1D985300337CAF /* DetailsMapCell.swift in Sources */,
				546568122C1886AC0063E890 /* FavouriteViewPresenter.swift in Sources */,
				54974AB42C1D900F00337CAF /* DetailsPhotoCell.swift in Sources */,
				54974AB82C1D963500337CAF /* DetailsAddCommentCell.swift in Sources */,
				541E257C2C1324D500515CFA /* UIViewExt.swift in Sources */,
				5450E2B62C1E689400C30DD6 /* PhotoViewPresenter.swift in Sources */,
				546C029B2C15A11700C18C6F /* TabBarViewPresenter.swift in Sources */,
				5401947B2C1ED88B000D1DDE /* CameraService.swift in Sources */,
				546C02A42C15B05500C18C6F /* PostItem.swift in Sources */,
				541186432C1E714400E37FD5 /* NSNotificationExt.swift in Sources */,
				546568192C19A5FB0063E890 /* DetailsView.swift in Sources */,
				541E25722C131BFC00515CFA /* PasscodeView.swift in Sources */,
				546C02A22C15AF5200C18C6F /* MainPostHeader.swift in Sources */,
				546568142C188DBD0063E890 /* FavouriteCell.swift in Sources */,
				546C02952C15A0D600C18C6F /* FavouriteView.swift in Sources */,
				541E25842C147B6300515CFA /* StringProtocolExt.swift in Sources */,
				541E257F2C14765B00515CFA /* KeychainManager.swift in Sources */,
				5450E2B42C1DAD3100C30DD6 /* PhotoView.swift in Sources */,
				546C02912C15A0BD00C18C6F /* MainScreenView.swift in Sources */,
				54974ABA2C1D96BE00337CAF /* UITextFieldExt.swift in Sources */,
				54C2831A2C11DDFB00628997 /* AppDelegate.swift in Sources */,
				5453024C2C170B17003B3482 /* TagCollectionCell.swift in Sources */,
				546C02972C15A0DF00C18C6F /* CameraView.swift in Sources */,
				546C029E2C15A3B300C18C6F /* MainScreenPresenter.swift in Sources */,
				54C2831C2C11DDFB00628997 /* SceneDelegate.swift in Sources */,
				541E25762C131C1C00515CFA /* Builder.swift in Sources */,
				546C02992C15A10A00C18C6F /* TabBarView.swift in Sources */,
				5465681B2C19A6060063E890 /* DetailsViewPresenter.swift in Sources */,
				546C02A02C15AF3000C18C6F /* MainPostCell.swift in Sources */,
				5465681E2C19AA150063E890 /* NavigationHeader.swift in Sources */,
				5453024A2C1709F8003B3482 /* TagCollectionView.swift in Sources */,
				54974AB62C1D92A600337CAF /* DetailsDecriptionCell.swift in Sources */,
				541E25792C131DA200515CFA /* PasscodePresenter.swift in Sources */,
				546C02A62C15B60A00C18C6F /* DateExt.swift in Sources */,
				540194752C1E75C5000D1DDE /* CameraViewPresenter.swift in Sources */,
			);
			runOnlyForDeploymentPostprocessing = 0;
		};
/* End PBXSourcesBuildPhase section */

/* Begin PBXVariantGroup section */
		54C283242C11DDFD00628997 /* LaunchScreen.storyboard */ = {
			isa = PBXVariantGroup;
			children = (
				54C283252C11DDFD00628997 /* Base */,
			);
			name = LaunchScreen.storyboard;
			sourceTree = "<group>";
		};
/* End PBXVariantGroup section */

/* Begin XCBuildConfiguration section */
		54C283282C11DDFD00628997 /* Debug */ = {
			isa = XCBuildConfiguration;
			buildSettings = {
				ALWAYS_SEARCH_USER_PATHS = NO;
				ASSETCATALOG_COMPILER_GENERATE_SWIFT_ASSET_SYMBOL_EXTENSIONS = YES;
				CLANG_ANALYZER_NONNULL = YES;
				CLANG_ANALYZER_NUMBER_OBJECT_CONVERSION = YES_AGGRESSIVE;
				CLANG_CXX_LANGUAGE_STANDARD = "gnu++20";
				CLANG_ENABLE_MODULES = YES;
				CLANG_ENABLE_OBJC_ARC = YES;
				CLANG_ENABLE_OBJC_WEAK = YES;
				CLANG_WARN_BLOCK_CAPTURE_AUTORELEASING = YES;
				CLANG_WARN_BOOL_CONVERSION = YES;
				CLANG_WARN_COMMA = YES;
				CLANG_WARN_CONSTANT_CONVERSION = YES;
				CLANG_WARN_DEPRECATED_OBJC_IMPLEMENTATIONS = YES;
				CLANG_WARN_DIRECT_OBJC_ISA_USAGE = YES_ERROR;
				CLANG_WARN_DOCUMENTATION_COMMENTS = YES;
				CLANG_WARN_EMPTY_BODY = YES;
				CLANG_WARN_ENUM_CONVERSION = YES;
				CLANG_WARN_INFINITE_RECURSION = YES;
				CLANG_WARN_INT_CONVERSION = YES;
				CLANG_WARN_NON_LITERAL_NULL_CONVERSION = YES;
				CLANG_WARN_OBJC_IMPLICIT_RETAIN_SELF = YES;
				CLANG_WARN_OBJC_LITERAL_CONVERSION = YES;
				CLANG_WARN_OBJC_ROOT_CLASS = YES_ERROR;
				CLANG_WARN_QUOTED_INCLUDE_IN_FRAMEWORK_HEADER = YES;
				CLANG_WARN_RANGE_LOOP_ANALYSIS = YES;
				CLANG_WARN_STRICT_PROTOTYPES = YES;
				CLANG_WARN_SUSPICIOUS_MOVE = YES;
				CLANG_WARN_UNGUARDED_AVAILABILITY = YES_AGGRESSIVE;
				CLANG_WARN_UNREACHABLE_CODE = YES;
				CLANG_WARN__DUPLICATE_METHOD_MATCH = YES;
				COPY_PHASE_STRIP = NO;
				DEBUG_INFORMATION_FORMAT = dwarf;
				ENABLE_STRICT_OBJC_MSGSEND = YES;
				ENABLE_TESTABILITY = YES;
				ENABLE_USER_SCRIPT_SANDBOXING = YES;
				GCC_C_LANGUAGE_STANDARD = gnu17;
				GCC_DYNAMIC_NO_PIC = NO;
				GCC_NO_COMMON_BLOCKS = YES;
				GCC_OPTIMIZATION_LEVEL = 0;
				GCC_PREPROCESSOR_DEFINITIONS = (
					"DEBUG=1",
					"$(inherited)",
				);
				GCC_WARN_64_TO_32_BIT_CONVERSION = YES;
				GCC_WARN_ABOUT_RETURN_TYPE = YES_ERROR;
				GCC_WARN_UNDECLARED_SELECTOR = YES;
				GCC_WARN_UNINITIALIZED_AUTOS = YES_AGGRESSIVE;
				GCC_WARN_UNUSED_FUNCTION = YES;
				GCC_WARN_UNUSED_VARIABLE = YES;
				IPHONEOS_DEPLOYMENT_TARGET = 17.5;
				LOCALIZATION_PREFERS_STRING_CATALOGS = YES;
				MTL_ENABLE_DEBUG_INFO = INCLUDE_SOURCE;
				MTL_FAST_MATH = YES;
				ONLY_ACTIVE_ARCH = YES;
				SDKROOT = iphoneos;
				SWIFT_ACTIVE_COMPILATION_CONDITIONS = "DEBUG $(inherited)";
				SWIFT_OPTIMIZATION_LEVEL = "-Onone";
			};
			name = Debug;
		};
		54C283292C11DDFD00628997 /* Release */ = {
			isa = XCBuildConfiguration;
			buildSettings = {
				ALWAYS_SEARCH_USER_PATHS = NO;
				ASSETCATALOG_COMPILER_GENERATE_SWIFT_ASSET_SYMBOL_EXTENSIONS = YES;
				CLANG_ANALYZER_NONNULL = YES;
				CLANG_ANALYZER_NUMBER_OBJECT_CONVERSION = YES_AGGRESSIVE;
				CLANG_CXX_LANGUAGE_STANDARD = "gnu++20";
				CLANG_ENABLE_MODULES = YES;
				CLANG_ENABLE_OBJC_ARC = YES;
				CLANG_ENABLE_OBJC_WEAK = YES;
				CLANG_WARN_BLOCK_CAPTURE_AUTORELEASING = YES;
				CLANG_WARN_BOOL_CONVERSION = YES;
				CLANG_WARN_COMMA = YES;
				CLANG_WARN_CONSTANT_CONVERSION = YES;
				CLANG_WARN_DEPRECATED_OBJC_IMPLEMENTATIONS = YES;
				CLANG_WARN_DIRECT_OBJC_ISA_USAGE = YES_ERROR;
				CLANG_WARN_DOCUMENTATION_COMMENTS = YES;
				CLANG_WARN_EMPTY_BODY = YES;
				CLANG_WARN_ENUM_CONVERSION = YES;
				CLANG_WARN_INFINITE_RECURSION = YES;
				CLANG_WARN_INT_CONVERSION = YES;
				CLANG_WARN_NON_LITERAL_NULL_CONVERSION = YES;
				CLANG_WARN_OBJC_IMPLICIT_RETAIN_SELF = YES;
				CLANG_WARN_OBJC_LITERAL_CONVERSION = YES;
				CLANG_WARN_OBJC_ROOT_CLASS = YES_ERROR;
				CLANG_WARN_QUOTED_INCLUDE_IN_FRAMEWORK_HEADER = YES;
				CLANG_WARN_RANGE_LOOP_ANALYSIS = YES;
				CLANG_WARN_STRICT_PROTOTYPES = YES;
				CLANG_WARN_SUSPICIOUS_MOVE = YES;
				CLANG_WARN_UNGUARDED_AVAILABILITY = YES_AGGRESSIVE;
				CLANG_WARN_UNREACHABLE_CODE = YES;
				CLANG_WARN__DUPLICATE_METHOD_MATCH = YES;
				COPY_PHASE_STRIP = NO;
				DEBUG_INFORMATION_FORMAT = "dwarf-with-dsym";
				ENABLE_NS_ASSERTIONS = NO;
				ENABLE_STRICT_OBJC_MSGSEND = YES;
				ENABLE_USER_SCRIPT_SANDBOXING = YES;
				GCC_C_LANGUAGE_STANDARD = gnu17;
				GCC_NO_COMMON_BLOCKS = YES;
				GCC_WARN_64_TO_32_BIT_CONVERSION = YES;
				GCC_WARN_ABOUT_RETURN_TYPE = YES_ERROR;
				GCC_WARN_UNDECLARED_SELECTOR = YES;
				GCC_WARN_UNINITIALIZED_AUTOS = YES_AGGRESSIVE;
				GCC_WARN_UNUSED_FUNCTION = YES;
				GCC_WARN_UNUSED_VARIABLE = YES;
				IPHONEOS_DEPLOYMENT_TARGET = 17.5;
				LOCALIZATION_PREFERS_STRING_CATALOGS = YES;
				MTL_ENABLE_DEBUG_INFO = NO;
				MTL_FAST_MATH = YES;
				SDKROOT = iphoneos;
				SWIFT_COMPILATION_MODE = wholemodule;
				VALIDATE_PRODUCT = YES;
			};
			name = Release;
		};
		54C2832B2C11DDFD00628997 /* Debug */ = {
			isa = XCBuildConfiguration;
			buildSettings = {
				ASSETCATALOG_COMPILER_APPICON_NAME = AppIcon;
				ASSETCATALOG_COMPILER_GLOBAL_ACCENT_COLOR_NAME = AccentColor;
				CODE_SIGN_STYLE = Automatic;
				CURRENT_PROJECT_VERSION = 1;
				DEVELOPMENT_TEAM = 9W625278YK;
				GENERATE_INFOPLIST_FILE = YES;
				INFOPLIST_FILE = Pixelgram/Info.plist;
				INFOPLIST_KEY_NSCameraUsageDescription = "Приложение может использовать вашу камеру";
				INFOPLIST_KEY_UIApplicationSupportsIndirectInputEvents = YES;
				INFOPLIST_KEY_UILaunchStoryboardName = LaunchScreen;
				INFOPLIST_KEY_UISupportedInterfaceOrientations_iPad = "UIInterfaceOrientationPortrait UIInterfaceOrientationPortraitUpsideDown UIInterfaceOrientationLandscapeLeft UIInterfaceOrientationLandscapeRight";
				INFOPLIST_KEY_UISupportedInterfaceOrientations_iPhone = "UIInterfaceOrientationPortrait UIInterfaceOrientationLandscapeLeft UIInterfaceOrientationLandscapeRight";
				LD_RUNPATH_SEARCH_PATHS = (
					"$(inherited)",
					"@executable_path/Frameworks",
				);
				MARKETING_VERSION = 1.0;
				PRODUCT_BUNDLE_IDENTIFIER = Nezgovorov.Pixelgram;
				PRODUCT_NAME = "$(TARGET_NAME)";
				SWIFT_EMIT_LOC_STRINGS = YES;
				SWIFT_VERSION = 5.0;
				TARGETED_DEVICE_FAMILY = "1,2";
			};
			name = Debug;
		};
		54C2832C2C11DDFD00628997 /* Release */ = {
			isa = XCBuildConfiguration;
			buildSettings = {
				ASSETCATALOG_COMPILER_APPICON_NAME = AppIcon;
				ASSETCATALOG_COMPILER_GLOBAL_ACCENT_COLOR_NAME = AccentColor;
				CODE_SIGN_STYLE = Automatic;
				CURRENT_PROJECT_VERSION = 1;
				DEVELOPMENT_TEAM = 9W625278YK;
				GENERATE_INFOPLIST_FILE = YES;
				INFOPLIST_FILE = Pixelgram/Info.plist;
				INFOPLIST_KEY_NSCameraUsageDescription = "Приложение может использовать вашу камеру";
				INFOPLIST_KEY_UIApplicationSupportsIndirectInputEvents = YES;
				INFOPLIST_KEY_UILaunchStoryboardName = LaunchScreen;
				INFOPLIST_KEY_UISupportedInterfaceOrientations_iPad = "UIInterfaceOrientationPortrait UIInterfaceOrientationPortraitUpsideDown UIInterfaceOrientationLandscapeLeft UIInterfaceOrientationLandscapeRight";
				INFOPLIST_KEY_UISupportedInterfaceOrientations_iPhone = "UIInterfaceOrientationPortrait UIInterfaceOrientationLandscapeLeft UIInterfaceOrientationLandscapeRight";
				LD_RUNPATH_SEARCH_PATHS = (
					"$(inherited)",
					"@executable_path/Frameworks",
				);
				MARKETING_VERSION = 1.0;
				PRODUCT_BUNDLE_IDENTIFIER = Nezgovorov.Pixelgram;
				PRODUCT_NAME = "$(TARGET_NAME)";
				SWIFT_EMIT_LOC_STRINGS = YES;
				SWIFT_VERSION = 5.0;
				TARGETED_DEVICE_FAMILY = "1,2";
			};
			name = Release;
		};
/* End XCBuildConfiguration section */

/* Begin XCConfigurationList section */
		54C283112C11DDFB00628997 /* Build configuration list for PBXProject "Pixelgram" */ = {
			isa = XCConfigurationList;
			buildConfigurations = (
				54C283282C11DDFD00628997 /* Debug */,
				54C283292C11DDFD00628997 /* Release */,
			);
			defaultConfigurationIsVisible = 0;
			defaultConfigurationName = Release;
		};
		54C2832A2C11DDFD00628997 /* Build configuration list for PBXNativeTarget "Pixelgram" */ = {
			isa = XCConfigurationList;
			buildConfigurations = (
				54C2832B2C11DDFD00628997 /* Debug */,
				54C2832C2C11DDFD00628997 /* Release */,
			);
			defaultConfigurationIsVisible = 0;
			defaultConfigurationName = Release;
		};
/* End XCConfigurationList section */

/* Begin XCRemoteSwiftPackageReference section */
		540194762C1E7964000D1DDE /* XCRemoteSwiftPackageReference "KeychainAccess" */ = {
			isa = XCRemoteSwiftPackageReference;
			repositoryURL = "https://github.com/kishikawakatsumi/KeychainAccess";
			requirement = {
				branch = master;
				kind = branch;
			};
		};
/* End XCRemoteSwiftPackageReference section */

/* Begin XCSwiftPackageProductDependency section */
		540194772C1E7964000D1DDE /* KeychainAccess */ = {
			isa = XCSwiftPackageProductDependency;
			package = 540194762C1E7964000D1DDE /* XCRemoteSwiftPackageReference "KeychainAccess" */;
			productName = KeychainAccess;
		};
/* End XCSwiftPackageProductDependency section */
	};
	rootObject = 54C2830E2C11DDFB00628997 /* Project object */;
}
